// !$*UTF8*$!
{
	archiveVersion = 1;
	classes = {
	};
	objectVersion = 48;
	objects = {

/* Begin PBXBuildFile section */
		841CD0E5200463D100025492 /* AppDelegate.swift in Sources */ = {isa = PBXBuildFile; fileRef = 841CD0E4200463D100025492 /* AppDelegate.swift */; };
		841CD0E7200463D100025492 /* ViewController.swift in Sources */ = {isa = PBXBuildFile; fileRef = 841CD0E6200463D100025492 /* ViewController.swift */; };
		841CD0EC200463D100025492 /* Assets.xcassets in Resources */ = {isa = PBXBuildFile; fileRef = 841CD0EB200463D100025492 /* Assets.xcassets */; };
		841CD0EF200463D100025492 /* LaunchScreen.storyboard in Resources */ = {isa = PBXBuildFile; fileRef = 841CD0ED200463D100025492 /* LaunchScreen.storyboard */; };
		841CD0F720048DA400025492 /* OtherStuff.swift in Sources */ = {isa = PBXBuildFile; fileRef = 841CD0F620048DA400025492 /* OtherStuff.swift */; };
		847FB88620053D2100B2B771 /* Extensions.swift in Sources */ = {isa = PBXBuildFile; fileRef = 847FB88520053D2100B2B771 /* Extensions.swift */; };
/* End PBXBuildFile section */

/* Begin PBXFileReference section */
		841CD0E1200463D100025492 /* colorsSlidersTextFieldsLinked.app */ = {isa = PBXFileReference; explicitFileType = wrapper.application; includeInIndex = 0; path = colorsSlidersTextFieldsLinked.app; sourceTree = BUILT_PRODUCTS_DIR; };
		841CD0E4200463D100025492 /* AppDelegate.swift */ = {isa = PBXFileReference; lastKnownFileType = sourcecode.swift; path = AppDelegate.swift; sourceTree = "<group>"; };
		841CD0E6200463D100025492 /* ViewController.swift */ = {isa = PBXFileReference; lastKnownFileType = sourcecode.swift; path = ViewController.swift; sourceTree = "<group>"; };
		841CD0EB200463D100025492 /* Assets.xcassets */ = {isa = PBXFileReference; lastKnownFileType = folder.assetcatalog; path = Assets.xcassets; sourceTree = "<group>"; };
		841CD0EE200463D100025492 /* Base */ = {isa = PBXFileReference; lastKnownFileType = file.storyboard; name = Base; path = Base.lproj/LaunchScreen.storyboard; sourceTree = "<group>"; };
		841CD0F0200463D100025492 /* Info.plist */ = {isa = PBXFileReference; lastKnownFileType = text.plist.xml; path = Info.plist; sourceTree = "<group>"; };
		841CD0F620048DA400025492 /* OtherStuff.swift */ = {isa = PBXFileReference; lastKnownFileType = sourcecode.swift; path = OtherStuff.swift; sourceTree = "<group>"; };
		847FB88520053D2100B2B771 /* Extensions.swift */ = {isa = PBXFileReference; lastKnownFileType = sourcecode.swift; path = Extensions.swift; sourceTree = "<group>"; };
/* End PBXFileReference section */

/* Begin PBXFrameworksBuildPhase section */
		841CD0DE200463D100025492 /* Frameworks */ = {
			isa = PBXFrameworksBuildPhase;
			buildActionMask = 2147483647;
			files = (
			);
			runOnlyForDeploymentPostprocessing = 0;
		};
/* End PBXFrameworksBuildPhase section */

/* Begin PBXGroup section */
		841CD0D8200463D100025492 = {
			isa = PBXGroup;
			children = (
				841CD0E3200463D100025492 /* colorsSlidersTextFieldsLinked */,
				841CD0E2200463D100025492 /* Products */,
			);
			sourceTree = "<group>";
		};
		841CD0E2200463D100025492 /* Products */ = {
			isa = PBXGroup;
			children = (
				841CD0E1200463D100025492 /* colorsSlidersTextFieldsLinked.app */,
			);
			name = Products;
			sourceTree = "<group>";
		};
		841CD0E3200463D100025492 /* colorsSlidersTextFieldsLinked */ = {
			isa = PBXGroup;
			children = (
				841CD0E4200463D100025492 /* AppDelegate.swift */,
				841CD0E6200463D100025492 /* ViewController.swift */,
				841CD0EB200463D100025492 /* Assets.xcassets */,
				841CD0ED200463D100025492 /* LaunchScreen.storyboard */,
				841CD0F0200463D100025492 /* Info.plist */,
				841CD0F620048DA400025492 /* OtherStuff.swift */,
				847FB88520053D2100B2B771 /* Extensions.swift */,
			);
			path = colorsSlidersTextFieldsLinked;
			sourceTree = "<group>";
		};
/* End PBXGroup section */

/* Begin PBXNativeTarget section */
		841CD0E0200463D100025492 /* colorsSlidersTextFieldsLinked */ = {
			isa = PBXNativeTarget;
			buildConfigurationList = 841CD0F3200463D100025492 /* Build configuration list for PBXNativeTarget "colorsSlidersTextFieldsLinked" */;
			buildPhases = (
				841CD0DD200463D100025492 /* Sources */,
				841CD0DE200463D100025492 /* Frameworks */,
				841CD0DF200463D100025492 /* Resources */,
			);
			buildRules = (
			);
			dependencies = (
			);
			name = colorsSlidersTextFieldsLinked;
			productName = colorsSlidersTextFieldsLinked;
			productReference = 841CD0E1200463D100025492 /* colorsSlidersTextFieldsLinked.app */;
			productType = "com.apple.product-type.application";
		};
/* End PBXNativeTarget section */

/* Begin PBXProject section */
		841CD0D9200463D100025492 /* Project object */ = {
			isa = PBXProject;
			attributes = {
				LastSwiftUpdateCheck = 0920;
				LastUpgradeCheck = 0920;
				ORGANIZATIONNAME = admin;
				TargetAttributes = {
					841CD0E0200463D100025492 = {
						CreatedOnToolsVersion = 9.2;
						ProvisioningStyle = Automatic;
					};
				};
			};
			buildConfigurationList = 841CD0DC200463D100025492 /* Build configuration list for PBXProject "colorsSlidersTextFieldsLinked" */;
			compatibilityVersion = "Xcode 8.0";
			developmentRegion = en;
			hasScannedForEncodings = 0;
			knownRegions = (
				en,
				Base,
			);
			mainGroup = 841CD0D8200463D100025492;
			productRefGroup = 841CD0E2200463D100025492 /* Products */;
			projectDirPath = "";
			projectRoot = "";
			targets = (
				841CD0E0200463D100025492 /* colorsSlidersTextFieldsLinked */,
			);
		};
/* End PBXProject section */

/* Begin PBXResourcesBuildPhase section */
		841CD0DF200463D100025492 /* Resources */ = {
			isa = PBXResourcesBuildPhase;
			buildActionMask = 2147483647;
			files = (
				841CD0EF200463D100025492 /* LaunchScreen.storyboard in Resources */,
				841CD0EC200463D100025492 /* Assets.xcassets in Resources */,
			);
			runOnlyForDeploymentPostprocessing = 0;
		};
/* End PBXResourcesBuildPhase section */

/* Begin PBXSourcesBuildPhase section */
		841CD0DD200463D100025492 /* Sources */ = {
			isa = PBXSourcesBuildPhase;
			buildActionMask = 2147483647;
			files = (
				841CD0E7200463D100025492 /* ViewController.swift in Sources */,
				841CD0F720048DA400025492 /* OtherStuff.swift in Sources */,
				847FB88620053D2100B2B771 /* Extensions.swift in Sources */,
				841CD0E5200463D100025492 /* AppDelegate.swift in Sources */,
			);
			runOnlyForDeploymentPostprocessing = 0;
		};
/* End PBXSourcesBuildPhase section */

/* Begin PBXVariantGroup section */
		841CD0ED200463D100025492 /* LaunchScreen.storyboard */ = {
			isa = PBXVariantGroup;
			children = (
				841CD0EE200463D100025492 /* Base */,
			);
			name = LaunchScreen.storyboard;
			sourceTree = "<group>";
		};
/* End PBXVariantGroup section */

/* Begin XCBuildConfiguration section */
		841CD0F1200463D100025492 /* Debug */ = {
			isa = XCBuildConfiguration;
			buildSettings = {
				ALWAYS_SEARCH_USER_PATHS = NO;
				CLANG_ANALYZER_NONNULL = YES;
				CLANG_ANALYZER_NUMBER_OBJECT_CONVERSION = YES_AGGRESSIVE;
				CLANG_CXX_LANGUAGE_STANDARD = "gnu++14";
				CLANG_CXX_LIBRARY = "libc++";
				CLANG_ENABLE_MODULES = YES;
				CLANG_ENABLE_OBJC_ARC = YES;
				CLANG_WARN_BLOCK_CAPTURE_AUTORELEASING = YES;
				CLANG_WARN_BOOL_CONVERSION = YES;
				CLANG_WARN_COMMA = YES;
				CLANG_WARN_CONSTANT_CONVERSION = YES;
				CLANG_WARN_DIRECT_OBJC_ISA_USAGE = YES_ERROR;
				CLANG_WARN_DOCUMENTATION_COMMENTS = YES;
				CLANG_WARN_EMPTY_BODY = YES;
				CLANG_WARN_ENUM_CONVERSION = YES;
				CLANG_WARN_INFINITE_RECURSION = YES;
				CLANG_WARN_INT_CONVERSION = YES;
				CLANG_WARN_NON_LITERAL_NULL_CONVERSION = YES;
				CLANG_WARN_OBJC_LITERAL_CONVERSION = YES;
				CLANG_WARN_OBJC_ROOT_CLASS = YES_ERROR;
				CLANG_WARN_RANGE_LOOP_ANALYSIS = YES;
				CLANG_WARN_STRICT_PROTOTYPES = YES;
				CLANG_WARN_SUSPICIOUS_MOVE = YES;
				CLANG_WARN_UNGUARDED_AVAILABILITY = YES_AGGRESSIVE;
				CLANG_WARN_UNREACHABLE_CODE = YES;
				CLANG_WARN__DUPLICATE_METHOD_MATCH = YES;
				CODE_SIGN_IDENTITY = "iPhone Developer";
				COPY_PHASE_STRIP = NO;
				DEBUG_INFORMATION_FORMAT = dwarf;
				ENABLE_STRICT_OBJC_MSGSEND = YES;
				ENABLE_TESTABILITY = YES;
				GCC_C_LANGUAGE_STANDARD = gnu11;
				GCC_DYNAMIC_NO_PIC = NO;
				GCC_NO_COMMON_BLOCKS = YES;
				GCC_OPTIMIZATION_LEVEL = 0;
				GCC_PREPROCESSOR_DEFINITIONS = (
					"DEBUG=1",
					"$(inherited)",
				);
				GCC_WARN_64_TO_32_BIT_CONVERSION = YES;
				GCC_WARN_ABOUT_RETURN_TYPE = YES_ERROR;
				GCC_WARN_UNDECLARED_SELECTOR = YES;
				GCC_WARN_UNINITIALIZED_AUTOS = YES_AGGRESSIVE;
				GCC_WARN_UNUSED_FUNCTION = YES;
				GCC_WARN_UNUSED_VARIABLE = YES;
				IPHONEOS_DEPLOYMENT_TARGET = 11.2;
				MTL_ENABLE_DEBUG_INFO = YES;
				ONLY_ACTIVE_ARCH = YES;
				SDKROOT = iphoneos;
				SWIFT_ACTIVE_COMPILATION_CONDITIONS = DEBUG;
				SWIFT_OPTIMIZATION_LEVEL = "-Onone";
			};
			name = Debug;
		};
		841CD0F2200463D100025492 /* Release */ = {
			isa = XCBuildConfiguration;
			buildSettings = {
				ALWAYS_SEARCH_USER_PATHS = NO;
				CLANG_ANALYZER_NONNULL = YES;
				CLANG_ANALYZER_NUMBER_OBJECT_CONVERSION = YES_AGGRESSIVE;
				CLANG_CXX_LANGUAGE_STANDARD = "gnu++14";
				CLANG_CXX_LIBRARY = "libc++";
				CLANG_ENABLE_MODULES = YES;
				CLANG_ENABLE_OBJC_ARC = YES;
				CLANG_WARN_BLOCK_CAPTURE_AUTORELEASING = YES;
				CLANG_WARN_BOOL_CONVERSION = YES;
				CLANG_WARN_COMMA = YES;
				CLANG_WARN_CONSTANT_CONVERSION = YES;
				CLANG_WARN_DIRECT_OBJC_ISA_USAGE = YES_ERROR;
				CLANG_WARN_DOCUMENTATION_COMMENTS = YES;
				CLANG_WARN_EMPTY_BODY = YES;
				CLANG_WARN_ENUM_CONVERSION = YES;
				CLANG_WARN_INFINITE_RECURSION = YES;
				CLANG_WARN_INT_CONVERSION = YES;
				CLANG_WARN_NON_LITERAL_NULL_CONVERSION = YES;
				CLANG_WARN_OBJC_LITERAL_CONVERSION = YES;
				CLANG_WARN_OBJC_ROOT_CLASS = YES_ERROR;
				CLANG_WARN_RANGE_LOOP_ANALYSIS = YES;
				CLANG_WARN_STRICT_PROTOTYPES = YES;
				CLANG_WARN_SUSPICIOUS_MOVE = YES;
				CLANG_WARN_UNGUARDED_AVAILABILITY = YES_AGGRESSIVE;
				CLANG_WARN_UNREACHABLE_CODE = YES;
				CLANG_WARN__DUPLICATE_METHOD_MATCH = YES;
				CODE_SIGN_IDENTITY = "iPhone Developer";
				COPY_PHASE_STRIP = NO;
				DEBUG_INFORMATION_FORMAT = "dwarf-with-dsym";
				ENABLE_NS_ASSERTIONS = NO;
				ENABLE_STRICT_OBJC_MSGSEND = YES;
				GCC_C_LANGUAGE_STANDARD = gnu11;
				GCC_NO_COMMON_BLOCKS = YES;
				GCC_WARN_64_TO_32_BIT_CONVERSION = YES;
				GCC_WARN_ABOUT_RETURN_TYPE = YES_ERROR;
				GCC_WARN_UNDECLARED_SELECTOR = YES;
				GCC_WARN_UNINITIALIZED_AUTOS = YES_AGGRESSIVE;
				GCC_WARN_UNUSED_FUNCTION = YES;
				GCC_WARN_UNUSED_VARIABLE = YES;
				IPHONEOS_DEPLOYMENT_TARGET = 11.2;
				MTL_ENABLE_DEBUG_INFO = NO;
				SDKROOT = iphoneos;
				SWIFT_OPTIMIZATION_LEVEL = "-Owholemodule";
				VALIDATE_PRODUCT = YES;
			};
			name = Release;
		};
		841CD0F4200463D100025492 /* Debug */ = {
			isa = XCBuildConfiguration;
			buildSettings = {
				ASSETCATALOG_COMPILER_APPICON_NAME = AppIcon;
				CODE_SIGN_STYLE = Automatic;
				DEVELOPMENT_TEAM = S47KDE6E7N;
				INFOPLIST_FILE = colorsSlidersTextFieldsLinked/Info.plist;
				LD_RUNPATH_SEARCH_PATHS = "$(inherited) @executable_path/Frameworks";
				PRODUCT_BUNDLE_IDENTIFIER = edu.asf.we.sa.colorsSlidersTextFieldsLinked;
				PRODUCT_NAME = "$(TARGET_NAME)";
				SWIFT_VERSION = 4.0;
				TARGETED_DEVICE_FAMILY = "1,2";
			};
			name = Debug;
		};
		841CD0F5200463D100025492 /* Release */ = {
			isa = XCBuildConfiguration;
			buildSettings = {
				ASSETCATALOG_COMPILER_APPICON_NAME = AppIcon;
				CODE_SIGN_STYLE = Automatic;
				DEVELOPMENT_TEAM = S47KDE6E7N;
				INFOPLIST_FILE = colorsSlidersTextFieldsLinked/Info.plist;
				LD_RUNPATH_SEARCH_PATHS = "$(inherited) @executable_path/Frameworks";
				PRODUCT_BUNDLE_IDENTIFIER = edu.asf.we.sa.colorsSlidersTextFieldsLinked;
				PRODUCT_NAME = "$(TARGET_NAME)";
				SWIFT_VERSION = 4.0;
				TARGETED_DEVICE_FAMILY = "1,2";
			};
			name = Release;
		};
/* End XCBuildConfiguration section */

/* Begin XCConfigurationList section */
		841CD0DC200463D100025492 /* Build configuration list for PBXProject "colorsSlidersTextFieldsLinked" */ = {
			isa = XCConfigurationList;
			buildConfigurations = (
				841CD0F1200463D100025492 /* Debug */,
				841CD0F2200463D100025492 /* Release */,
			);
			defaultConfigurationIsVisible = 0;
			defaultConfigurationName = Release;
		};
		841CD0F3200463D100025492 /* Build configuration list for PBXNativeTarget "colorsSlidersTextFieldsLinked" */ = {
			isa = XCConfigurationList;
			buildConfigurations = (
				841CD0F4200463D100025492 /* Debug */,
				841CD0F5200463D100025492 /* Release */,
			);
			defaultConfigurationIsVisible = 0;
			defaultConfigurationName = Release;
		};
/* End XCConfigurationList section */
	};
	rootObject = 841CD0D9200463D100025492 /* Project object */;
}
